// !$*UTF8*$!
{
	archiveVersion = 1;
	classes = {
	};
	objectVersion = 46;
	objects = {

/* Begin PBXBuildFile section */
		28040DE616EA08DF009C826C /* dn_logo.jpeg in Resources */ = {isa = PBXBuildFile; fileRef = 28040DE516EA08DF009C826C /* dn_logo.jpeg */; };
		28040DED16EA4136009C826C /* CredentialsDNVC.m in Sources */ = {isa = PBXBuildFile; fileRef = 28040DEC16EA4136009C826C /* CredentialsDNVC.m */; };
		28040DF216EA484A009C826C /* home@2x.png in Resources */ = {isa = PBXBuildFile; fileRef = 28040DEF16EA484A009C826C /* home@2x.png */; };
		28040DF316EA484A009C826C /* home.png in Resources */ = {isa = PBXBuildFile; fileRef = 28040DF016EA484A009C826C /* home.png */; };
		2812260A16F8CBFC0012ECFB /* CredentialsC2GVC.m in Sources */ = {isa = PBXBuildFile; fileRef = 2812260916F8CBFC0012ECFB /* CredentialsC2GVC.m */; };
		2834D3DA1791B18D003C2ED4 /* CostOverviewController.m in Sources */ = {isa = PBXBuildFile; fileRef = 2834D3D91791B18D003C2ED4 /* CostOverviewController.m */; };
		283F3D7C172463F3007D617F /* c2g.png in Resources */ = {isa = PBXBuildFile; fileRef = 283F3D73172463F3007D617F /* c2g.png */; };
		283F3D7D172463F3007D617F /* c2gFlag.png in Resources */ = {isa = PBXBuildFile; fileRef = 283F3D74172463F3007D617F /* c2gFlag.png */; };
		283F3D7E172463F3007D617F /* dn.png in Resources */ = {isa = PBXBuildFile; fileRef = 283F3D75172463F3007D617F /* dn.png */; };
		283F3D81172463F3007D617F /* infoBtn.png in Resources */ = {isa = PBXBuildFile; fileRef = 283F3D78172463F3007D617F /* infoBtn.png */; };
		283F3D82172463F3007D617F /* mc.png in Resources */ = {isa = PBXBuildFile; fileRef = 283F3D79172463F3007D617F /* mc.png */; };
		283F3D84172463F3007D617F /* tabbar_send.png in Resources */ = {isa = PBXBuildFile; fileRef = 283F3D7B172463F3007D617F /* tabbar_send.png */; };
		283F3D8617246509007D617F /* impressum.png in Resources */ = {isa = PBXBuildFile; fileRef = 283F3D8517246509007D617F /* impressum.png */; };
		283F3D8E1724695D007D617F /* Hope4CarViewController.m in Sources */ = {isa = PBXBuildFile; fileRef = 283F3D8D1724695D007D617F /* Hope4CarViewController.m */; };
		2847CD0D1791C3BA00E68B83 /* CostDBModel.xcdatamodeld in Resources */ = {isa = PBXBuildFile; fileRef = 28CA252F1791BAE5008C7D7F /* CostDBModel.xcdatamodeld */; };
		284EAC9717318137000DFFBE /* 73-radar.png in Resources */ = {isa = PBXBuildFile; fileRef = 284EAC9617318137000DFFBE /* 73-radar.png */; };
		284EAC9A173182B6000DFFBE /* globe.png in Resources */ = {isa = PBXBuildFile; fileRef = 284EAC98173182B6000DFFBE /* globe.png */; };
		284EAC9B173182B6000DFFBE /* globe@2x.png in Resources */ = {isa = PBXBuildFile; fileRef = 284EAC99173182B6000DFFBE /* globe@2x.png */; };
		284EAC9E17318305000DFFBE /* cog_02.png in Resources */ = {isa = PBXBuildFile; fileRef = 284EAC9C17318305000DFFBE /* cog_02.png */; };
		284EAC9F17318305000DFFBE /* cog_02@2x.png in Resources */ = {isa = PBXBuildFile; fileRef = 284EAC9D17318305000DFFBE /* cog_02@2x.png */; };
		285132F416EF941100CAC937 /* RNBlurModalView.m in Sources */ = {isa = PBXBuildFile; fileRef = 285132F316EF941100CAC937 /* RNBlurModalView.m */; };
		285132F616EF946400CAC937 /* RNBlurModalView.h in Sources */ = {isa = PBXBuildFile; fileRef = 285132F216EF941100CAC937 /* RNBlurModalView.h */; };
		285132F816EF947D00CAC937 /* Accelerate.framework in Frameworks */ = {isa = PBXBuildFile; fileRef = 285132F716EF947D00CAC937 /* Accelerate.framework */; };
		285132F916EF949B00CAC937 /* RNBlurModalView.m in Sources */ = {isa = PBXBuildFile; fileRef = 285132F316EF941100CAC937 /* RNBlurModalView.m */; };
		285AB2E4177CF0FE007D9C97 /* calcnow_btn.png in Resources */ = {isa = PBXBuildFile; fileRef = 285AB2E3177CF0FE007D9C97 /* calcnow_btn.png */; };
		2880127616ADE77E00DDA87F /* WSClient.m in Sources */ = {isa = PBXBuildFile; fileRef = 2880127516ADE77E00DDA87F /* WSClient.m */; };
		2880128016ADEDB500DDA87F /* SMXMLDocument.m in Sources */ = {isa = PBXBuildFile; fileRef = 2880127F16ADEDB500DDA87F /* SMXMLDocument.m */; };
		2880128116ADEDCF00DDA87F /* SMXMLDocument.m in Sources */ = {isa = PBXBuildFile; fileRef = 2880127F16ADEDB500DDA87F /* SMXMLDocument.m */; };
		2880128216AF0EA300DDA87F /* CoreLocation.framework in Frameworks */ = {isa = PBXBuildFile; fileRef = 28CABBD516A5C9D700C31911 /* CoreLocation.framework */; };
		2880128316AF0EAE00DDA87F /* AddressBook.framework in Frameworks */ = {isa = PBXBuildFile; fileRef = 28CABBDF16A5D64100C31911 /* AddressBook.framework */; };
		2880128416AF0EBD00DDA87F /* MapKit.framework in Frameworks */ = {isa = PBXBuildFile; fileRef = 28CABBC616A325B400C31911 /* MapKit.framework */; };
		2880128C16AF187200DDA87F /* FreeCar.m in Sources */ = {isa = PBXBuildFile; fileRef = 2880128B16AF187200DDA87F /* FreeCar.m */; };
		2880129116AF266400DDA87F /* JSONKit.m in Sources */ = {isa = PBXBuildFile; fileRef = 2880129016AF266400DDA87F /* JSONKit.m */; settings = {COMPILER_FLAGS = "-fno-objc-arc"; }; };
		2880129216AF266400DDA87F /* JSONKit.m in Sources */ = {isa = PBXBuildFile; fileRef = 2880129016AF266400DDA87F /* JSONKit.m */; settings = {COMPILER_FLAGS = "-fno-objc-arc"; }; };
		2880129A16B0A25400DDA87F /* MBProgressHUD.m in Sources */ = {isa = PBXBuildFile; fileRef = 2880129916B0A25400DDA87F /* MBProgressHUD.m */; };
		2880129B16B0A25400DDA87F /* MBProgressHUD.m in Sources */ = {isa = PBXBuildFile; fileRef = 2880129916B0A25400DDA87F /* MBProgressHUD.m */; };
		2880B9A3173C245300BA4618 /* dnFlag.png in Resources */ = {isa = PBXBuildFile; fileRef = 2880B9A2173C245300BA4618 /* dnFlag.png */; };
		2880B9A9173FAAE400BA4618 /* background_home.jpg in Resources */ = {isa = PBXBuildFile; fileRef = 2880B9A8173FAAE300BA4618 /* background_home.jpg */; };
		2880B9B6173FBFC500BA4618 /* Localizable.strings in Resources */ = {isa = PBXBuildFile; fileRef = 2880B9B4173FBFC500BA4618 /* Localizable.strings */; };
		28C7046F174430520041599B /* Icon-72.png in Resources */ = {isa = PBXBuildFile; fileRef = 28C70465174430520041599B /* Icon-72.png */; };
		28C70470174430520041599B /* Icon-72@2x.png in Resources */ = {isa = PBXBuildFile; fileRef = 28C70466174430520041599B /* Icon-72@2x.png */; };
		28C70471174430520041599B /* Icon-Small-50.png in Resources */ = {isa = PBXBuildFile; fileRef = 28C70467174430520041599B /* Icon-Small-50.png */; };
		28C70472174430520041599B /* Icon-Small-50@2x.png in Resources */ = {isa = PBXBuildFile; fileRef = 28C70468174430520041599B /* Icon-Small-50@2x.png */; };
		28C70473174430520041599B /* Icon-Small.png in Resources */ = {isa = PBXBuildFile; fileRef = 28C70469174430520041599B /* Icon-Small.png */; };
		28C70474174430520041599B /* Icon-Small@2x.png in Resources */ = {isa = PBXBuildFile; fileRef = 28C7046A174430520041599B /* Icon-Small@2x.png */; };
		28C70475174430520041599B /* Icon.png in Resources */ = {isa = PBXBuildFile; fileRef = 28C7046B174430520041599B /* Icon.png */; };
		28C70476174430520041599B /* Icon@2x.png in Resources */ = {isa = PBXBuildFile; fileRef = 28C7046C174430520041599B /* Icon@2x.png */; };
		28C70477174430520041599B /* iTunesArtwork.png in Resources */ = {isa = PBXBuildFile; fileRef = 28C7046D174430520041599B /* iTunesArtwork.png */; };
		28C70478174430520041599B /* iTunesArtwork@2x.png in Resources */ = {isa = PBXBuildFile; fileRef = 28C7046E174430520041599B /* iTunesArtwork@2x.png */; };
		28C7047C174430960041599B /* Default-568h@2x.png in Resources */ = {isa = PBXBuildFile; fileRef = 28C70479174430960041599B /* Default-568h@2x.png */; };
		28C7047D174430960041599B /* Default.png in Resources */ = {isa = PBXBuildFile; fileRef = 28C7047A174430960041599B /* Default.png */; };
		28C7047E174430960041599B /* Default@2x.png in Resources */ = {isa = PBXBuildFile; fileRef = 28C7047B174430960041599B /* Default@2x.png */; };
		28C70481174430C30041599B /* info.png in Resources */ = {isa = PBXBuildFile; fileRef = 28C7047F174430C30041599B /* info.png */; };
		28C70482174430C30041599B /* scriptTxt_H4C.png in Resources */ = {isa = PBXBuildFile; fileRef = 28C70480174430C30041599B /* scriptTxt_H4C.png */; };
		28C70485174434BD0041599B /* CustomNavigationBar.m in Sources */ = {isa = PBXBuildFile; fileRef = 28C70484174434BD0041599B /* CustomNavigationBar.m */; };
		28C704871744382B0041599B /* hopenowBtn.png in Resources */ = {isa = PBXBuildFile; fileRef = 28C704861744382B0041599B /* hopenowBtn.png */; };
		28C7048917443AB60041599B /* navigationBarLogo.png in Resources */ = {isa = PBXBuildFile; fileRef = 28C7048817443AB60041599B /* navigationBarLogo.png */; };
		28C84E6517771B8E00B7F49A /* calculator@2x.png in Resources */ = {isa = PBXBuildFile; fileRef = 28C84E6417771B8E00B7F49A /* calculator@2x.png */; };
		28C84E6717771BAE00B7F49A /* calculator.png in Resources */ = {isa = PBXBuildFile; fileRef = 28C84E6617771BAE00B7F49A /* calculator.png */; };
		28C84E6B17771C0F00B7F49A /* CostViewController.m in Sources */ = {isa = PBXBuildFile; fileRef = 28C84E6A17771C0F00B7F49A /* CostViewController.m */; };
		28C935B316D9569100D4DC9B /* SettingsVCViewController.m in Sources */ = {isa = PBXBuildFile; fileRef = 28C935B216D9569100D4DC9B /* SettingsVCViewController.m */; };
		28CABB8916A324B400C31911 /* UIKit.framework in Frameworks */ = {isa = PBXBuildFile; fileRef = 28CABB8816A324B400C31911 /* UIKit.framework */; };
		28CABB8B16A324B400C31911 /* Foundation.framework in Frameworks */ = {isa = PBXBuildFile; fileRef = 28CABB8A16A324B400C31911 /* Foundation.framework */; };
		28CABB8D16A324B400C31911 /* CoreGraphics.framework in Frameworks */ = {isa = PBXBuildFile; fileRef = 28CABB8C16A324B400C31911 /* CoreGraphics.framework */; };
		28CABB9316A324B400C31911 /* InfoPlist.strings in Resources */ = {isa = PBXBuildFile; fileRef = 28CABB9116A324B400C31911 /* InfoPlist.strings */; };
		28CABB9516A324B400C31911 /* main.m in Sources */ = {isa = PBXBuildFile; fileRef = 28CABB9416A324B400C31911 /* main.m */; };
		28CABB9916A324B400C31911 /* com_appdy_smart2goAppDelegate.m in Sources */ = {isa = PBXBuildFile; fileRef = 28CABB9816A324B400C31911 /* com_appdy_smart2goAppDelegate.m */; };
		28CABBA216A324B400C31911 /* MainStoryboard_iPhone.storyboard in Resources */ = {isa = PBXBuildFile; fileRef = 28CABBA016A324B400C31911 /* MainStoryboard_iPhone.storyboard */; };
		28CABBA516A324B400C31911 /* MainStoryboard_iPad.storyboard in Resources */ = {isa = PBXBuildFile; fileRef = 28CABBA316A324B400C31911 /* MainStoryboard_iPad.storyboard */; };
		28CABBA816A324B400C31911 /* com_appdy_smart2goViewController.m in Sources */ = {isa = PBXBuildFile; fileRef = 28CABBA716A324B400C31911 /* com_appdy_smart2goViewController.m */; };
		28CABBB016A324B400C31911 /* SenTestingKit.framework in Frameworks */ = {isa = PBXBuildFile; fileRef = 28CABBAF16A324B400C31911 /* SenTestingKit.framework */; };
		28CABBB116A324B400C31911 /* UIKit.framework in Frameworks */ = {isa = PBXBuildFile; fileRef = 28CABB8816A324B400C31911 /* UIKit.framework */; };
		28CABBB216A324B400C31911 /* Foundation.framework in Frameworks */ = {isa = PBXBuildFile; fileRef = 28CABB8A16A324B400C31911 /* Foundation.framework */; };
		28CABBBA16A324B400C31911 /* InfoPlist.strings in Resources */ = {isa = PBXBuildFile; fileRef = 28CABBB816A324B400C31911 /* InfoPlist.strings */; };
		28CABBBD16A324B400C31911 /* Smart2GoTests.m in Sources */ = {isa = PBXBuildFile; fileRef = 28CABBBC16A324B400C31911 /* Smart2GoTests.m */; };
		28CABBC716A325B400C31911 /* MapKit.framework in Frameworks */ = {isa = PBXBuildFile; fileRef = 28CABBC616A325B400C31911 /* MapKit.framework */; };
		28CABBD616A5C9D700C31911 /* CoreLocation.framework in Frameworks */ = {isa = PBXBuildFile; fileRef = 28CABBD516A5C9D700C31911 /* CoreLocation.framework */; };
		28CABBDE16A5D29700C31911 /* CarLocation.m in Sources */ = {isa = PBXBuildFile; fileRef = 28CABBDD16A5D29700C31911 /* CarLocation.m */; };
		28CABBE016A5D64100C31911 /* AddressBook.framework in Frameworks */ = {isa = PBXBuildFile; fileRef = 28CABBDF16A5D64100C31911 /* AddressBook.framework */; };
		28CABBE216A5D8CE00C31911 /* c2g_logo.jpeg in Resources */ = {isa = PBXBuildFile; fileRef = 28CABBE116A5D8CE00C31911 /* c2g_logo.jpeg */; };
		28EA1A1B1751125F009577CC /* libGoogleAnalytics_debug.a in Frameworks */ = {isa = PBXBuildFile; fileRef = 28EA1A191751125F009577CC /* libGoogleAnalytics_debug.a */; };
		28EA1A1C1751125F009577CC /* libGoogleAnalytics.a in Frameworks */ = {isa = PBXBuildFile; fileRef = 28EA1A1A1751125F009577CC /* libGoogleAnalytics.a */; };
		28EA1A1E175112B2009577CC /* CoreData.framework in Frameworks */ = {isa = PBXBuildFile; fileRef = 28EA1A1D175112B2009577CC /* CoreData.framework */; };
		28EA1A20175112B9009577CC /* SystemConfiguration.framework in Frameworks */ = {isa = PBXBuildFile; fileRef = 28EA1A1F175112B9009577CC /* SystemConfiguration.framework */; };
		28EA1A21175112D1009577CC /* libGoogleAnalytics.a in Frameworks */ = {isa = PBXBuildFile; fileRef = 28EA1A1A1751125F009577CC /* libGoogleAnalytics.a */; };
		28EBC7CA16E3DC6B0039BB8B /* cellBg@2x.png in Resources */ = {isa = PBXBuildFile; fileRef = 28EBC7C816E3DC6B0039BB8B /* cellBg@2x.png */; };
		28EBC7CB16E3DC6B0039BB8B /* cellBgSelected@2x.png in Resources */ = {isa = PBXBuildFile; fileRef = 28EBC7C916E3DC6B0039BB8B /* cellBgSelected@2x.png */; };
		28EBC81116E3DF7B0039BB8B /* QuartzCore.framework in Frameworks */ = {isa = PBXBuildFile; fileRef = 28EBC81016E3DF7B0039BB8B /* QuartzCore.framework */; };
		28EBC86116E401720039BB8B /* com_appdy_smart2goViewController.h in Sources */ = {isa = PBXBuildFile; fileRef = 28CABBA616A324B400C31911 /* com_appdy_smart2goViewController.h */; };
		28EBC86216E401720039BB8B /* SettingsVCViewController.h in Sources */ = {isa = PBXBuildFile; fileRef = 28C935B116D9569100D4DC9B /* SettingsVCViewController.h */; };
		28EBC86316E401720039BB8B /* com_appdy_smart2goAppDelegate.h in Sources */ = {isa = PBXBuildFile; fileRef = 28CABB9716A324B400C31911 /* com_appdy_smart2goAppDelegate.h */; };
		28EBC86616E40CAC0039BB8B /* menuIcon.png in Resources */ = {isa = PBXBuildFile; fileRef = 28EBC86416E40CAC0039BB8B /* menuIcon.png */; };
		28EBC86716E40CAC0039BB8B /* menuIcon@2x.png in Resources */ = {isa = PBXBuildFile; fileRef = 28EBC86516E40CAC0039BB8B /* menuIcon@2x.png */; };
		28F286551744231B0043C807 /* mcFlag.png in Resources */ = {isa = PBXBuildFile; fileRef = 28F286541744231B0043C807 /* mcFlag.png */; };
/* End PBXBuildFile section */

/* Begin PBXContainerItemProxy section */
		28CABBB316A324B400C31911 /* PBXContainerItemProxy */ = {
			isa = PBXContainerItemProxy;
			containerPortal = 28CABB7B16A324B300C31911 /* Project object */;
			proxyType = 1;
			remoteGlobalIDString = 28CABB8316A324B400C31911;
			remoteInfo = Smart2Go;
		};
/* End PBXContainerItemProxy section */

/* Begin PBXFileReference section */
		28040DE516EA08DF009C826C /* dn_logo.jpeg */ = {isa = PBXFileReference; lastKnownFileType = image.jpeg; path = dn_logo.jpeg; sourceTree = "<group>"; };
		28040DEB16EA4136009C826C /* CredentialsDNVC.h */ = {isa = PBXFileReference; fileEncoding = 4; lastKnownFileType = sourcecode.c.h; path = CredentialsDNVC.h; sourceTree = "<group>"; };
		28040DEC16EA4136009C826C /* CredentialsDNVC.m */ = {isa = PBXFileReference; fileEncoding = 4; lastKnownFileType = sourcecode.c.objc; path = CredentialsDNVC.m; sourceTree = "<group>"; };
		28040DEF16EA484A009C826C /* home@2x.png */ = {isa = PBXFileReference; lastKnownFileType = image.png; path = "home@2x.png"; sourceTree = "<group>"; };
		28040DF016EA484A009C826C /* home.png */ = {isa = PBXFileReference; lastKnownFileType = image.png; path = home.png; sourceTree = "<group>"; };
		2812260816F8CBFC0012ECFB /* CredentialsC2GVC.h */ = {isa = PBXFileReference; fileEncoding = 4; lastKnownFileType = sourcecode.c.h; path = CredentialsC2GVC.h; sourceTree = "<group>"; };
		2812260916F8CBFC0012ECFB /* CredentialsC2GVC.m */ = {isa = PBXFileReference; fileEncoding = 4; lastKnownFileType = sourcecode.c.objc; path = CredentialsC2GVC.m; sourceTree = "<group>"; };
		2834D3D81791B18D003C2ED4 /* CostOverviewController.h */ = {isa = PBXFileReference; fileEncoding = 4; lastKnownFileType = sourcecode.c.h; path = CostOverviewController.h; sourceTree = "<group>"; };
		2834D3D91791B18D003C2ED4 /* CostOverviewController.m */ = {isa = PBXFileReference; fileEncoding = 4; lastKnownFileType = sourcecode.c.objc; path = CostOverviewController.m; sourceTree = "<group>"; };
		283F3D73172463F3007D617F /* c2g.png */ = {isa = PBXFileReference; lastKnownFileType = image.png; path = c2g.png; sourceTree = "<group>"; };
		283F3D74172463F3007D617F /* c2gFlag.png */ = {isa = PBXFileReference; lastKnownFileType = image.png; path = c2gFlag.png; sourceTree = "<group>"; };
		283F3D75172463F3007D617F /* dn.png */ = {isa = PBXFileReference; lastKnownFileType = image.png; path = dn.png; sourceTree = "<group>"; };
		283F3D78172463F3007D617F /* infoBtn.png */ = {isa = PBXFileReference; lastKnownFileType = image.png; path = infoBtn.png; sourceTree = "<group>"; };
		283F3D79172463F3007D617F /* mc.png */ = {isa = PBXFileReference; lastKnownFileType = image.png; path = mc.png; sourceTree = "<group>"; };
		283F3D7B172463F3007D617F /* tabbar_send.png */ = {isa = PBXFileReference; lastKnownFileType = image.png; path = tabbar_send.png; sourceTree = "<group>"; };
		283F3D8517246509007D617F /* impressum.png */ = {isa = PBXFileReference; lastKnownFileType = image.png; path = impressum.png; sourceTree = "<group>"; };
		283F3D8C1724695D007D617F /* Hope4CarViewController.h */ = {isa = PBXFileReference; fileEncoding = 4; lastKnownFileType = sourcecode.c.h; path = Hope4CarViewController.h; sourceTree = "<group>"; };
		283F3D8D1724695D007D617F /* Hope4CarViewController.m */ = {isa = PBXFileReference; fileEncoding = 4; lastKnownFileType = sourcecode.c.objc; path = Hope4CarViewController.m; sourceTree = "<group>"; };
		284EAC9617318137000DFFBE /* 73-radar.png */ = {isa = PBXFileReference; lastKnownFileType = image.png; path = "73-radar.png"; sourceTree = "<group>"; };
		284EAC98173182B6000DFFBE /* globe.png */ = {isa = PBXFileReference; lastKnownFileType = image.png; path = globe.png; sourceTree = "<group>"; };
		284EAC99173182B6000DFFBE /* globe@2x.png */ = {isa = PBXFileReference; lastKnownFileType = image.png; path = "globe@2x.png"; sourceTree = "<group>"; };
		284EAC9C17318305000DFFBE /* cog_02.png */ = {isa = PBXFileReference; lastKnownFileType = image.png; path = cog_02.png; sourceTree = "<group>"; };
		284EAC9D17318305000DFFBE /* cog_02@2x.png */ = {isa = PBXFileReference; lastKnownFileType = image.png; path = "cog_02@2x.png"; sourceTree = "<group>"; };
		285132F216EF941100CAC937 /* RNBlurModalView.h */ = {isa = PBXFileReference; fileEncoding = 4; lastKnownFileType = sourcecode.c.h; path = RNBlurModalView.h; sourceTree = "<group>"; };
		285132F316EF941100CAC937 /* RNBlurModalView.m */ = {isa = PBXFileReference; fileEncoding = 4; lastKnownFileType = sourcecode.c.objc; path = RNBlurModalView.m; sourceTree = "<group>"; };
		285132F716EF947D00CAC937 /* Accelerate.framework */ = {isa = PBXFileReference; lastKnownFileType = wrapper.framework; name = Accelerate.framework; path = System/Library/Frameworks/Accelerate.framework; sourceTree = SDKROOT; };
		285AB2E3177CF0FE007D9C97 /* calcnow_btn.png */ = {isa = PBXFileReference; lastKnownFileType = image.png; path = calcnow_btn.png; sourceTree = "<group>"; };
		2880127416ADE77E00DDA87F /* WSClient.h */ = {isa = PBXFileReference; fileEncoding = 4; lastKnownFileType = sourcecode.c.h; path = WSClient.h; sourceTree = "<group>"; };
		2880127516ADE77E00DDA87F /* WSClient.m */ = {isa = PBXFileReference; fileEncoding = 4; lastKnownFileType = sourcecode.c.objc; path = WSClient.m; sourceTree = "<group>"; };
		2880127E16ADEDB500DDA87F /* SMXMLDocument.h */ = {isa = PBXFileReference; fileEncoding = 4; lastKnownFileType = sourcecode.c.h; name = SMXMLDocument.h; path = Smart2Go/SMXMLDocument.h; sourceTree = "<group>"; };
		2880127F16ADEDB500DDA87F /* SMXMLDocument.m */ = {isa = PBXFileReference; fileEncoding = 4; lastKnownFileType = sourcecode.c.objc; name = SMXMLDocument.m; path = Smart2Go/SMXMLDocument.m; sourceTree = "<group>"; };
		2880128A16AF187200DDA87F /* FreeCar.h */ = {isa = PBXFileReference; fileEncoding = 4; lastKnownFileType = sourcecode.c.h; path = FreeCar.h; sourceTree = "<group>"; };
		2880128B16AF187200DDA87F /* FreeCar.m */ = {isa = PBXFileReference; fileEncoding = 4; lastKnownFileType = sourcecode.c.objc; path = FreeCar.m; sourceTree = "<group>"; };
		2880128F16AF266400DDA87F /* JSONKit.h */ = {isa = PBXFileReference; fileEncoding = 4; lastKnownFileType = sourcecode.c.h; name = JSONKit.h; path = Smart2Go/JSONKit.h; sourceTree = "<group>"; };
		2880129016AF266400DDA87F /* JSONKit.m */ = {isa = PBXFileReference; fileEncoding = 4; lastKnownFileType = sourcecode.c.objc; name = JSONKit.m; path = Smart2Go/JSONKit.m; sourceTree = "<group>"; };
		2880129816B0A25400DDA87F /* MBProgressHUD.h */ = {isa = PBXFileReference; fileEncoding = 4; lastKnownFileType = sourcecode.c.h; name = MBProgressHUD.h; path = Smart2Go/MBProgressHUD.h; sourceTree = "<group>"; };
		2880129916B0A25400DDA87F /* MBProgressHUD.m */ = {isa = PBXFileReference; fileEncoding = 4; lastKnownFileType = sourcecode.c.objc; name = MBProgressHUD.m; path = Smart2Go/MBProgressHUD.m; sourceTree = "<group>"; };
		2880B9A2173C245300BA4618 /* dnFlag.png */ = {isa = PBXFileReference; lastKnownFileType = image.png; path = dnFlag.png; sourceTree = "<group>"; };
		2880B9A8173FAAE300BA4618 /* background_home.jpg */ = {isa = PBXFileReference; lastKnownFileType = image.jpeg; path = background_home.jpg; sourceTree = "<group>"; };
		2880B9AA173FB82000BA4618 /* de */ = {isa = PBXFileReference; lastKnownFileType = file.storyboard; name = de; path = de.lproj/MainStoryboard_iPhone.storyboard; sourceTree = "<group>"; };
		2880B9AB173FB82000BA4618 /* de */ = {isa = PBXFileReference; lastKnownFileType = file.storyboard; name = de; path = de.lproj/MainStoryboard_iPad.storyboard; sourceTree = "<group>"; };
		2880B9AC173FB82000BA4618 /* de */ = {isa = PBXFileReference; lastKnownFileType = text.plist.strings; name = de; path = de.lproj/InfoPlist.strings; sourceTree = "<group>"; };
		2880B9AD173FB82000BA4618 /* de */ = {isa = PBXFileReference; lastKnownFileType = text.plist.strings; name = de; path = de.lproj/InfoPlist.strings; sourceTree = "<group>"; };
		2880B9B5173FBFC500BA4618 /* de */ = {isa = PBXFileReference; lastKnownFileType = text.plist.strings; name = de; path = de.lproj/Localizable.strings; sourceTree = "<group>"; };
		2880B9B7173FBFD100BA4618 /* en */ = {isa = PBXFileReference; lastKnownFileType = text.plist.strings; name = en; path = en.lproj/Localizable.strings; sourceTree = "<group>"; };
		28C70465174430520041599B /* Icon-72.png */ = {isa = PBXFileReference; lastKnownFileType = image.png; path = "Icon-72.png"; sourceTree = "<group>"; };
		28C70466174430520041599B /* Icon-72@2x.png */ = {isa = PBXFileReference; lastKnownFileType = image.png; path = "Icon-72@2x.png"; sourceTree = "<group>"; };
		28C70467174430520041599B /* Icon-Small-50.png */ = {isa = PBXFileReference; lastKnownFileType = image.png; path = "Icon-Small-50.png"; sourceTree = "<group>"; };
		28C70468174430520041599B /* Icon-Small-50@2x.png */ = {isa = PBXFileReference; lastKnownFileType = image.png; path = "Icon-Small-50@2x.png"; sourceTree = "<group>"; };
		28C70469174430520041599B /* Icon-Small.png */ = {isa = PBXFileReference; lastKnownFileType = image.png; path = "Icon-Small.png"; sourceTree = "<group>"; };
		28C7046A174430520041599B /* Icon-Small@2x.png */ = {isa = PBXFileReference; lastKnownFileType = image.png; path = "Icon-Small@2x.png"; sourceTree = "<group>"; };
		28C7046B174430520041599B /* Icon.png */ = {isa = PBXFileReference; lastKnownFileType = image.png; path = Icon.png; sourceTree = "<group>"; };
		28C7046C174430520041599B /* Icon@2x.png */ = {isa = PBXFileReference; lastKnownFileType = image.png; path = "Icon@2x.png"; sourceTree = "<group>"; };
		28C7046D174430520041599B /* iTunesArtwork.png */ = {isa = PBXFileReference; lastKnownFileType = image.png; path = iTunesArtwork.png; sourceTree = "<group>"; };
		28C7046E174430520041599B /* iTunesArtwork@2x.png */ = {isa = PBXFileReference; lastKnownFileType = image.png; path = "iTunesArtwork@2x.png"; sourceTree = "<group>"; };
		28C70479174430960041599B /* Default-568h@2x.png */ = {isa = PBXFileReference; lastKnownFileType = image.png; path = "Default-568h@2x.png"; sourceTree = "<group>"; };
		28C7047A174430960041599B /* Default.png */ = {isa = PBXFileReference; lastKnownFileType = image.png; path = Default.png; sourceTree = "<group>"; };
		28C7047B174430960041599B /* Default@2x.png */ = {isa = PBXFileReference; lastKnownFileType = image.png; path = "Default@2x.png"; sourceTree = "<group>"; };
		28C7047F174430C30041599B /* info.png */ = {isa = PBXFileReference; lastKnownFileType = image.png; path = info.png; sourceTree = "<group>"; };
		28C70480174430C30041599B /* scriptTxt_H4C.png */ = {isa = PBXFileReference; lastKnownFileType = image.png; path = scriptTxt_H4C.png; sourceTree = "<group>"; };
		28C70483174434BD0041599B /* CustomNavigationBar.h */ = {isa = PBXFileReference; fileEncoding = 4; lastKnownFileType = sourcecode.c.h; path = CustomNavigationBar.h; sourceTree = "<group>"; };
		28C70484174434BD0041599B /* CustomNavigationBar.m */ = {isa = PBXFileReference; fileEncoding = 4; lastKnownFileType = sourcecode.c.objc; path = CustomNavigationBar.m; sourceTree = "<group>"; };
		28C704861744382B0041599B /* hopenowBtn.png */ = {isa = PBXFileReference; lastKnownFileType = image.png; path = hopenowBtn.png; sourceTree = "<group>"; };
		28C7048817443AB60041599B /* navigationBarLogo.png */ = {isa = PBXFileReference; lastKnownFileType = image.png; path = navigationBarLogo.png; sourceTree = "<group>"; };
		28C84E6417771B8E00B7F49A /* calculator@2x.png */ = {isa = PBXFileReference; lastKnownFileType = image.png; path = "calculator@2x.png"; sourceTree = "<group>"; };
		28C84E6617771BAE00B7F49A /* calculator.png */ = {isa = PBXFileReference; lastKnownFileType = image.png; path = calculator.png; sourceTree = "<group>"; };
		28C84E6917771C0F00B7F49A /* CostViewController.h */ = {isa = PBXFileReference; fileEncoding = 4; lastKnownFileType = sourcecode.c.h; path = CostViewController.h; sourceTree = "<group>"; };
		28C84E6A17771C0F00B7F49A /* CostViewController.m */ = {isa = PBXFileReference; fileEncoding = 4; lastKnownFileType = sourcecode.c.objc; path = CostViewController.m; sourceTree = "<group>"; };
		28C935B116D9569100D4DC9B /* SettingsVCViewController.h */ = {isa = PBXFileReference; fileEncoding = 4; lastKnownFileType = sourcecode.c.h; path = SettingsVCViewController.h; sourceTree = "<group>"; };
		28C935B216D9569100D4DC9B /* SettingsVCViewController.m */ = {isa = PBXFileReference; fileEncoding = 4; lastKnownFileType = sourcecode.c.objc; path = SettingsVCViewController.m; sourceTree = "<group>"; };
		28CA25301791BAE5008C7D7F /* CostDBModel.xcdatamodel */ = {isa = PBXFileReference; lastKnownFileType = wrapper.xcdatamodel; path = CostDBModel.xcdatamodel; sourceTree = "<group>"; };
		28CABB8416A324B400C31911 /* Hope4Car.app */ = {isa = PBXFileReference; explicitFileType = wrapper.application; includeInIndex = 0; path = Hope4Car.app; sourceTree = BUILT_PRODUCTS_DIR; };
		28CABB8816A324B400C31911 /* UIKit.framework */ = {isa = PBXFileReference; lastKnownFileType = wrapper.framework; name = UIKit.framework; path = System/Library/Frameworks/UIKit.framework; sourceTree = SDKROOT; };
		28CABB8A16A324B400C31911 /* Foundation.framework */ = {isa = PBXFileReference; lastKnownFileType = wrapper.framework; name = Foundation.framework; path = System/Library/Frameworks/Foundation.framework; sourceTree = SDKROOT; };
		28CABB8C16A324B400C31911 /* CoreGraphics.framework */ = {isa = PBXFileReference; lastKnownFileType = wrapper.framework; name = CoreGraphics.framework; path = System/Library/Frameworks/CoreGraphics.framework; sourceTree = SDKROOT; };
		28CABB9016A324B400C31911 /* Smart2Go-Info.plist */ = {isa = PBXFileReference; lastKnownFileType = text.plist.xml; path = "Smart2Go-Info.plist"; sourceTree = "<group>"; };
		28CABB9216A324B400C31911 /* en */ = {isa = PBXFileReference; lastKnownFileType = text.plist.strings; name = en; path = en.lproj/InfoPlist.strings; sourceTree = "<group>"; };
		28CABB9416A324B400C31911 /* main.m */ = {isa = PBXFileReference; lastKnownFileType = sourcecode.c.objc; path = main.m; sourceTree = "<group>"; };
		28CABB9616A324B400C31911 /* Smart2Go-Prefix.pch */ = {isa = PBXFileReference; lastKnownFileType = sourcecode.c.h; path = "Smart2Go-Prefix.pch"; sourceTree = "<group>"; };
		28CABB9716A324B400C31911 /* com_appdy_smart2goAppDelegate.h */ = {isa = PBXFileReference; lastKnownFileType = sourcecode.c.h; path = com_appdy_smart2goAppDelegate.h; sourceTree = "<group>"; };
		28CABB9816A324B400C31911 /* com_appdy_smart2goAppDelegate.m */ = {isa = PBXFileReference; lastKnownFileType = sourcecode.c.objc; path = com_appdy_smart2goAppDelegate.m; sourceTree = "<group>"; };
		28CABBA116A324B400C31911 /* en */ = {isa = PBXFileReference; lastKnownFileType = file.storyboard; name = en; path = en.lproj/MainStoryboard_iPhone.storyboard; sourceTree = "<group>"; };
		28CABBA416A324B400C31911 /* en */ = {isa = PBXFileReference; lastKnownFileType = file.storyboard; name = en; path = en.lproj/MainStoryboard_iPad.storyboard; sourceTree = "<group>"; };
		28CABBA616A324B400C31911 /* com_appdy_smart2goViewController.h */ = {isa = PBXFileReference; lastKnownFileType = sourcecode.c.h; path = com_appdy_smart2goViewController.h; sourceTree = "<group>"; };
		28CABBA716A324B400C31911 /* com_appdy_smart2goViewController.m */ = {isa = PBXFileReference; lastKnownFileType = sourcecode.c.objc; path = com_appdy_smart2goViewController.m; sourceTree = "<group>"; };
		28CABBAE16A324B400C31911 /* Smart2GoTests.octest */ = {isa = PBXFileReference; explicitFileType = wrapper.cfbundle; includeInIndex = 0; path = Smart2GoTests.octest; sourceTree = BUILT_PRODUCTS_DIR; };
		28CABBAF16A324B400C31911 /* SenTestingKit.framework */ = {isa = PBXFileReference; lastKnownFileType = wrapper.framework; name = SenTestingKit.framework; path = Library/Frameworks/SenTestingKit.framework; sourceTree = DEVELOPER_DIR; };
		28CABBB716A324B400C31911 /* Smart2GoTests-Info.plist */ = {isa = PBXFileReference; lastKnownFileType = text.plist.xml; path = "Smart2GoTests-Info.plist"; sourceTree = "<group>"; };
		28CABBB916A324B400C31911 /* en */ = {isa = PBXFileReference; lastKnownFileType = text.plist.strings; name = en; path = en.lproj/InfoPlist.strings; sourceTree = "<group>"; };
		28CABBBB16A324B400C31911 /* Smart2GoTests.h */ = {isa = PBXFileReference; lastKnownFileType = sourcecode.c.h; path = Smart2GoTests.h; sourceTree = "<group>"; };
		28CABBBC16A324B400C31911 /* Smart2GoTests.m */ = {isa = PBXFileReference; lastKnownFileType = sourcecode.c.objc; path = Smart2GoTests.m; sourceTree = "<group>"; };
		28CABBC616A325B400C31911 /* MapKit.framework */ = {isa = PBXFileReference; lastKnownFileType = wrapper.framework; name = MapKit.framework; path = System/Library/Frameworks/MapKit.framework; sourceTree = SDKROOT; };
		28CABBD516A5C9D700C31911 /* CoreLocation.framework */ = {isa = PBXFileReference; lastKnownFileType = wrapper.framework; name = CoreLocation.framework; path = System/Library/Frameworks/CoreLocation.framework; sourceTree = SDKROOT; };
		28CABBDC16A5D29700C31911 /* CarLocation.h */ = {isa = PBXFileReference; fileEncoding = 4; lastKnownFileType = sourcecode.c.h; path = CarLocation.h; sourceTree = "<group>"; };
		28CABBDD16A5D29700C31911 /* CarLocation.m */ = {isa = PBXFileReference; fileEncoding = 4; lastKnownFileType = sourcecode.c.objc; path = CarLocation.m; sourceTree = "<group>"; };
		28CABBDF16A5D64100C31911 /* AddressBook.framework */ = {isa = PBXFileReference; lastKnownFileType = wrapper.framework; name = AddressBook.framework; path = System/Library/Frameworks/AddressBook.framework; sourceTree = SDKROOT; };
		28CABBE116A5D8CE00C31911 /* c2g_logo.jpeg */ = {isa = PBXFileReference; lastKnownFileType = image.jpeg; path = c2g_logo.jpeg; sourceTree = "<group>"; };
		28EA1A141751125F009577CC /* GAI.h */ = {isa = PBXFileReference; fileEncoding = 4; lastKnownFileType = sourcecode.c.h; path = GAI.h; sourceTree = "<group>"; };
		28EA1A151751125F009577CC /* GAITrackedViewController.h */ = {isa = PBXFileReference; fileEncoding = 4; lastKnownFileType = sourcecode.c.h; path = GAITrackedViewController.h; sourceTree = "<group>"; };
		28EA1A161751125F009577CC /* GAITracker.h */ = {isa = PBXFileReference; fileEncoding = 4; lastKnownFileType = sourcecode.c.h; path = GAITracker.h; sourceTree = "<group>"; };
		28EA1A171751125F009577CC /* GAITransaction.h */ = {isa = PBXFileReference; fileEncoding = 4; lastKnownFileType = sourcecode.c.h; path = GAITransaction.h; sourceTree = "<group>"; };
		28EA1A181751125F009577CC /* GAITransactionItem.h */ = {isa = PBXFileReference; fileEncoding = 4; lastKnownFileType = sourcecode.c.h; path = GAITransactionItem.h; sourceTree = "<group>"; };
		28EA1A191751125F009577CC /* libGoogleAnalytics_debug.a */ = {isa = PBXFileReference; lastKnownFileType = archive.ar; path = libGoogleAnalytics_debug.a; sourceTree = "<group>"; };
		28EA1A1A1751125F009577CC /* libGoogleAnalytics.a */ = {isa = PBXFileReference; lastKnownFileType = archive.ar; path = libGoogleAnalytics.a; sourceTree = "<group>"; };
		28EA1A1D175112B2009577CC /* CoreData.framework */ = {isa = PBXFileReference; lastKnownFileType = wrapper.framework; name = CoreData.framework; path = System/Library/Frameworks/CoreData.framework; sourceTree = SDKROOT; };
		28EA1A1F175112B9009577CC /* SystemConfiguration.framework */ = {isa = PBXFileReference; lastKnownFileType = wrapper.framework; name = SystemConfiguration.framework; path = System/Library/Frameworks/SystemConfiguration.framework; sourceTree = SDKROOT; };
		28EBC7C816E3DC6B0039BB8B /* cellBg@2x.png */ = {isa = PBXFileReference; lastKnownFileType = image.png; path = "cellBg@2x.png"; sourceTree = "<group>"; };
		28EBC7C916E3DC6B0039BB8B /* cellBgSelected@2x.png */ = {isa = PBXFileReference; lastKnownFileType = image.png; path = "cellBgSelected@2x.png"; sourceTree = "<group>"; };
		28EBC81016E3DF7B0039BB8B /* QuartzCore.framework */ = {isa = PBXFileReference; lastKnownFileType = wrapper.framework; name = QuartzCore.framework; path = System/Library/Frameworks/QuartzCore.framework; sourceTree = SDKROOT; };
		28EBC86416E40CAC0039BB8B /* menuIcon.png */ = {isa = PBXFileReference; lastKnownFileType = image.png; path = menuIcon.png; sourceTree = "<group>"; };
		28EBC86516E40CAC0039BB8B /* menuIcon@2x.png */ = {isa = PBXFileReference; lastKnownFileType = image.png; path = "menuIcon@2x.png"; sourceTree = "<group>"; };
		28F286541744231B0043C807 /* mcFlag.png */ = {isa = PBXFileReference; lastKnownFileType = image.png; path = mcFlag.png; sourceTree = "<group>"; };
/* End PBXFileReference section */

/* Begin PBXFrameworksBuildPhase section */
		28CABB8116A324B400C31911 /* Frameworks */ = {
			isa = PBXFrameworksBuildPhase;
			buildActionMask = 2147483647;
			files = (
				28EA1A1E175112B2009577CC /* CoreData.framework in Frameworks */,
				28EA1A21175112D1009577CC /* libGoogleAnalytics.a in Frameworks */,
				28EA1A20175112B9009577CC /* SystemConfiguration.framework in Frameworks */,
				285132F816EF947D00CAC937 /* Accelerate.framework in Frameworks */,
				28EBC81116E3DF7B0039BB8B /* QuartzCore.framework in Frameworks */,
				28CABBE016A5D64100C31911 /* AddressBook.framework in Frameworks */,
				28CABBD616A5C9D700C31911 /* CoreLocation.framework in Frameworks */,
				28CABBC716A325B400C31911 /* MapKit.framework in Frameworks */,
				28CABB8916A324B400C31911 /* UIKit.framework in Frameworks */,
				28CABB8B16A324B400C31911 /* Foundation.framework in Frameworks */,
				28CABB8D16A324B400C31911 /* CoreGraphics.framework in Frameworks */,
			);
			runOnlyForDeploymentPostprocessing = 0;
		};
		28CABBAA16A324B400C31911 /* Frameworks */ = {
			isa = PBXFrameworksBuildPhase;
			buildActionMask = 2147483647;
			files = (
				2880128416AF0EBD00DDA87F /* MapKit.framework in Frameworks */,
				2880128316AF0EAE00DDA87F /* AddressBook.framework in Frameworks */,
				2880128216AF0EA300DDA87F /* CoreLocation.framework in Frameworks */,
				28CABBB016A324B400C31911 /* SenTestingKit.framework in Frameworks */,
				28CABBB116A324B400C31911 /* UIKit.framework in Frameworks */,
				28CABBB216A324B400C31911 /* Foundation.framework in Frameworks */,
				28EA1A1B1751125F009577CC /* libGoogleAnalytics_debug.a in Frameworks */,
				28EA1A1C1751125F009577CC /* libGoogleAnalytics.a in Frameworks */,
			);
			runOnlyForDeploymentPostprocessing = 0;
		};
/* End PBXFrameworksBuildPhase section */

/* Begin PBXGroup section */
		28040DE716EA3F81009C826C /* OptionViewController */ = {
			isa = PBXGroup;
			children = (
				28040DEB16EA4136009C826C /* CredentialsDNVC.h */,
				28040DEC16EA4136009C826C /* CredentialsDNVC.m */,
				2812260816F8CBFC0012ECFB /* CredentialsC2GVC.h */,
				2812260916F8CBFC0012ECFB /* CredentialsC2GVC.m */,
			);
			name = OptionViewController;
			sourceTree = "<group>";
		};
		2834D3D71791B164003C2ED4 /* CostOverview */ = {
			isa = PBXGroup;
			children = (
				2834D3D81791B18D003C2ED4 /* CostOverviewController.h */,
				2834D3D91791B18D003C2ED4 /* CostOverviewController.m */,
			);
			name = CostOverview;
			sourceTree = "<group>";
		};
		283F3D8B1724692C007D617F /* Hope4Car View */ = {
			isa = PBXGroup;
			children = (
				283F3D8C1724695D007D617F /* Hope4CarViewController.h */,
				283F3D8D1724695D007D617F /* Hope4CarViewController.m */,
			);
			name = "Hope4Car View";
			sourceTree = "<group>";
		};
		2847CD0C1791C36300E68B83 /* CoreData */ = {
			isa = PBXGroup;
			children = (
				28CA252F1791BAE5008C7D7F /* CostDBModel.xcdatamodeld */,
			);
			name = CoreData;
			sourceTree = "<group>";
		};
		285132F516EF941700CAC937 /* RNBlurModal */ = {
			isa = PBXGroup;
			children = (
				285132F216EF941100CAC937 /* RNBlurModalView.h */,
				285132F316EF941100CAC937 /* RNBlurModalView.m */,
			);
			name = RNBlurModal;
			sourceTree = "<group>";
		};
		2880126916ADE2E700DDA87F /* Classes */ = {
			isa = PBXGroup;
			children = (
				28CABBDB16A5D27700C31911 /* Helper */,
				2880126F16ADE39E00DDA87F /* Models */,
				2880126E16ADE39200DDA87F /* Webservice */,
			);
			name = Classes;
			sourceTree = "<group>";
		};
		2880126E16ADE39200DDA87F /* Webservice */ = {
			isa = PBXGroup;
			children = (
				2880127416ADE77E00DDA87F /* WSClient.h */,
				2880127516ADE77E00DDA87F /* WSClient.m */,
			);
			name = Webservice;
			sourceTree = "<group>";
		};
		2880126F16ADE39E00DDA87F /* Models */ = {
			isa = PBXGroup;
			children = (
				2880128A16AF187200DDA87F /* FreeCar.h */,
				2880128B16AF187200DDA87F /* FreeCar.m */,
			);
			name = Models;
			sourceTree = "<group>";
		};
		2880127D16ADE96700DDA87F /* SMXML */ = {
			isa = PBXGroup;
			children = (
				2880127E16ADEDB500DDA87F /* SMXMLDocument.h */,
				2880127F16ADEDB500DDA87F /* SMXMLDocument.m */,
			);
			name = SMXML;
			sourceTree = "<group>";
		};
		2880128516AF124E00DDA87F /* JSONKit */ = {
			isa = PBXGroup;
			children = (
				2880128F16AF266400DDA87F /* JSONKit.h */,
				2880129016AF266400DDA87F /* JSONKit.m */,
			);
			name = JSONKit;
			sourceTree = "<group>";
		};
		2880129716B0A23300DDA87F /* MBProgressHUD */ = {
			isa = PBXGroup;
			children = (
				2880129816B0A25400DDA87F /* MBProgressHUD.h */,
				2880129916B0A25400DDA87F /* MBProgressHUD.m */,
			);
			name = MBProgressHUD;
			sourceTree = "<group>";
		};
		28C84E6817771BD900B7F49A /* CostViewController */ = {
			isa = PBXGroup;
			children = (
				28C84E6917771C0F00B7F49A /* CostViewController.h */,
				28C84E6A17771C0F00B7F49A /* CostViewController.m */,
			);
			name = CostViewController;
			sourceTree = "<group>";
		};
		28C935B016D9566700D4DC9B /* SettingsViewController */ = {
			isa = PBXGroup;
			children = (
				28C935B116D9569100D4DC9B /* SettingsVCViewController.h */,
				28C935B216D9569100D4DC9B /* SettingsVCViewController.m */,
			);
			name = SettingsViewController;
			sourceTree = "<group>";
		};
		28CABB7916A324B300C31911 = {
			isa = PBXGroup;
			children = (
				28CABB8E16A324B400C31911 /* Smart2Go */,
				28CABBB516A324B400C31911 /* Smart2GoTests */,
				28CABB8716A324B400C31911 /* Frameworks */,
				28CABB8516A324B400C31911 /* Products */,
			);
			sourceTree = "<group>";
		};
		28CABB8516A324B400C31911 /* Products */ = {
			isa = PBXGroup;
			children = (
				28CABB8416A324B400C31911 /* Hope4Car.app */,
				28CABBAE16A324B400C31911 /* Smart2GoTests.octest */,
			);
			name = Products;
			sourceTree = "<group>";
		};
		28CABB8716A324B400C31911 /* Frameworks */ = {
			isa = PBXGroup;
			children = (
				28EA1A1F175112B9009577CC /* SystemConfiguration.framework */,
				28EA1A1D175112B2009577CC /* CoreData.framework */,
				28EA1A131751123D009577CC /* GoogleAnalytics */,
				285132F516EF941700CAC937 /* RNBlurModal */,
				2880129716B0A23300DDA87F /* MBProgressHUD */,
				2880128516AF124E00DDA87F /* JSONKit */,
				2880127D16ADE96700DDA87F /* SMXML */,
				285132F716EF947D00CAC937 /* Accelerate.framework */,
				28EBC81016E3DF7B0039BB8B /* QuartzCore.framework */,
				28CABBDF16A5D64100C31911 /* AddressBook.framework */,
				28CABBD516A5C9D700C31911 /* CoreLocation.framework */,
				28CABBC616A325B400C31911 /* MapKit.framework */,
				28CABB8816A324B400C31911 /* UIKit.framework */,
				28CABB8A16A324B400C31911 /* Foundation.framework */,
				28CABB8C16A324B400C31911 /* CoreGraphics.framework */,
				28CABBAF16A324B400C31911 /* SenTestingKit.framework */,
			);
			name = Frameworks;
			sourceTree = "<group>";
		};
		28CABB8E16A324B400C31911 /* Smart2Go */ = {
			isa = PBXGroup;
			children = (
				2847CD0C1791C36300E68B83 /* CoreData */,
				28CABBE316A5D99300C31911 /* Images */,
				2880126916ADE2E700DDA87F /* Classes */,
				28CABBD916A5D07A00C31911 /* Views */,
				28CABBD816A5D06C00C31911 /* StoryBoards */,
				28CABBD716A5D05B00C31911 /* AppDelegate */,
				28CABB8F16A324B400C31911 /* Supporting Files */,
			);
			path = Smart2Go;
			sourceTree = "<group>";
		};
		28CABB8F16A324B400C31911 /* Supporting Files */ = {
			isa = PBXGroup;
			children = (
				2880B9B4173FBFC500BA4618 /* Localizable.strings */,
				28CABB9016A324B400C31911 /* Smart2Go-Info.plist */,
				28CABB9116A324B400C31911 /* InfoPlist.strings */,
				28CABB9416A324B400C31911 /* main.m */,
				28CABB9616A324B400C31911 /* Smart2Go-Prefix.pch */,
			);
			name = "Supporting Files";
			sourceTree = "<group>";
		};
		28CABBB516A324B400C31911 /* Smart2GoTests */ = {
			isa = PBXGroup;
			children = (
				28CABBBB16A324B400C31911 /* Smart2GoTests.h */,
				28CABBBC16A324B400C31911 /* Smart2GoTests.m */,
				28CABBB616A324B400C31911 /* Supporting Files */,
			);
			path = Smart2GoTests;
			sourceTree = "<group>";
		};
		28CABBB616A324B400C31911 /* Supporting Files */ = {
			isa = PBXGroup;
			children = (
				28CABBB716A324B400C31911 /* Smart2GoTests-Info.plist */,
				28CABBB816A324B400C31911 /* InfoPlist.strings */,
			);
			name = "Supporting Files";
			sourceTree = "<group>";
		};
		28CABBD716A5D05B00C31911 /* AppDelegate */ = {
			isa = PBXGroup;
			children = (
				28CABB9716A324B400C31911 /* com_appdy_smart2goAppDelegate.h */,
				28CABB9816A324B400C31911 /* com_appdy_smart2goAppDelegate.m */,
			);
			name = AppDelegate;
			sourceTree = "<group>";
		};
		28CABBD816A5D06C00C31911 /* StoryBoards */ = {
			isa = PBXGroup;
			children = (
				28CABBA016A324B400C31911 /* MainStoryboard_iPhone.storyboard */,
				28CABBA316A324B400C31911 /* MainStoryboard_iPad.storyboard */,
			);
			name = StoryBoards;
			sourceTree = "<group>";
		};
		28CABBD916A5D07A00C31911 /* Views */ = {
			isa = PBXGroup;
			children = (
				283F3D8B1724692C007D617F /* Hope4Car View */,
				28C935B016D9566700D4DC9B /* SettingsViewController */,
				2834D3D71791B164003C2ED4 /* CostOverview */,
				28C84E6817771BD900B7F49A /* CostViewController */,
				28CABBDA16A5D08000C31911 /* RootViewController */,
				28040DE716EA3F81009C826C /* OptionViewController */,
				28C70483174434BD0041599B /* CustomNavigationBar.h */,
				28C70484174434BD0041599B /* CustomNavigationBar.m */,
			);
			name = Views;
			sourceTree = "<group>";
		};
		28CABBDA16A5D08000C31911 /* RootViewController */ = {
			isa = PBXGroup;
			children = (
				28CABBA616A324B400C31911 /* com_appdy_smart2goViewController.h */,
				28CABBA716A324B400C31911 /* com_appdy_smart2goViewController.m */,
			);
			name = RootViewController;
			sourceTree = "<group>";
		};
		28CABBDB16A5D27700C31911 /* Helper */ = {
			isa = PBXGroup;
			children = (
				28CABBDC16A5D29700C31911 /* CarLocation.h */,
				28CABBDD16A5D29700C31911 /* CarLocation.m */,
			);
			name = Helper;
			sourceTree = "<group>";
		};
		28CABBE316A5D99300C31911 /* Images */ = {
			isa = PBXGroup;
			children = (
				285AB2E3177CF0FE007D9C97 /* calcnow_btn.png */,
				28C84E6617771BAE00B7F49A /* calculator.png */,
				28C84E6417771B8E00B7F49A /* calculator@2x.png */,
				28C7048817443AB60041599B /* navigationBarLogo.png */,
				28C704861744382B0041599B /* hopenowBtn.png */,
				28C70479174430960041599B /* Default-568h@2x.png */,
				28C7047F174430C30041599B /* info.png */,
				28C70480174430C30041599B /* scriptTxt_H4C.png */,
				28C7047A174430960041599B /* Default.png */,
				28C7047B174430960041599B /* Default@2x.png */,
				28C70465174430520041599B /* Icon-72.png */,
				28C70466174430520041599B /* Icon-72@2x.png */,
				28C70467174430520041599B /* Icon-Small-50.png */,
				28C70468174430520041599B /* Icon-Small-50@2x.png */,
				28C70469174430520041599B /* Icon-Small.png */,
				28C7046A174430520041599B /* Icon-Small@2x.png */,
				28C7046B174430520041599B /* Icon.png */,
				28C7046C174430520041599B /* Icon@2x.png */,
				28C7046D174430520041599B /* iTunesArtwork.png */,
				28C7046E174430520041599B /* iTunesArtwork@2x.png */,
				28F286541744231B0043C807 /* mcFlag.png */,
				2880B9A8173FAAE300BA4618 /* background_home.jpg */,
				2880B9A2173C245300BA4618 /* dnFlag.png */,
				284EAC9C17318305000DFFBE /* cog_02.png */,
				284EAC9D17318305000DFFBE /* cog_02@2x.png */,
				284EAC98173182B6000DFFBE /* globe.png */,
				284EAC99173182B6000DFFBE /* globe@2x.png */,
				284EAC9617318137000DFFBE /* 73-radar.png */,
				283F3D8517246509007D617F /* impressum.png */,
				283F3D73172463F3007D617F /* c2g.png */,
				283F3D74172463F3007D617F /* c2gFlag.png */,
				283F3D75172463F3007D617F /* dn.png */,
				283F3D78172463F3007D617F /* infoBtn.png */,
				283F3D79172463F3007D617F /* mc.png */,
				283F3D7B172463F3007D617F /* tabbar_send.png */,
				28040DEF16EA484A009C826C /* home@2x.png */,
				28040DF016EA484A009C826C /* home.png */,
				28040DE516EA08DF009C826C /* dn_logo.jpeg */,
				28EBC86416E40CAC0039BB8B /* menuIcon.png */,
				28EBC86516E40CAC0039BB8B /* menuIcon@2x.png */,
				28EBC7C816E3DC6B0039BB8B /* cellBg@2x.png */,
				28EBC7C916E3DC6B0039BB8B /* cellBgSelected@2x.png */,
				28CABBE116A5D8CE00C31911 /* c2g_logo.jpeg */,
			);
			name = Images;
			sourceTree = "<group>";
		};
		28EA1A131751123D009577CC /* GoogleAnalytics */ = {
			isa = PBXGroup;
			children = (
				28EA1A141751125F009577CC /* GAI.h */,
				28EA1A151751125F009577CC /* GAITrackedViewController.h */,
				28EA1A161751125F009577CC /* GAITracker.h */,
				28EA1A171751125F009577CC /* GAITransaction.h */,
				28EA1A181751125F009577CC /* GAITransactionItem.h */,
				28EA1A191751125F009577CC /* libGoogleAnalytics_debug.a */,
				28EA1A1A1751125F009577CC /* libGoogleAnalytics.a */,
			);
			name = GoogleAnalytics;
			sourceTree = "<group>";
		};
/* End PBXGroup section */

/* Begin PBXNativeTarget section */
		28CABB8316A324B400C31911 /* Smart2Go */ = {
			isa = PBXNativeTarget;
			buildConfigurationList = 28CABBC016A324B400C31911 /* Build configuration list for PBXNativeTarget "Smart2Go" */;
			buildPhases = (
				28CABB8016A324B400C31911 /* Sources */,
				28CABB8116A324B400C31911 /* Frameworks */,
				28CABB8216A324B400C31911 /* Resources */,
			);
			buildRules = (
			);
			dependencies = (
			);
			name = Smart2Go;
			productName = Smart2Go;
			productReference = 28CABB8416A324B400C31911 /* Hope4Car.app */;
			productType = "com.apple.product-type.application";
		};
		28CABBAD16A324B400C31911 /* Smart2GoTests */ = {
			isa = PBXNativeTarget;
			buildConfigurationList = 28CABBC316A324B400C31911 /* Build configuration list for PBXNativeTarget "Smart2GoTests" */;
			buildPhases = (
				28CABBA916A324B400C31911 /* Sources */,
				28CABBAA16A324B400C31911 /* Frameworks */,
				28CABBAB16A324B400C31911 /* Resources */,
				28CABBAC16A324B400C31911 /* ShellScript */,
			);
			buildRules = (
			);
			dependencies = (
				28CABBB416A324B400C31911 /* PBXTargetDependency */,
			);
			name = Smart2GoTests;
			productName = Smart2GoTests;
			productReference = 28CABBAE16A324B400C31911 /* Smart2GoTests.octest */;
			productType = "com.apple.product-type.bundle";
		};
/* End PBXNativeTarget section */

/* Begin PBXProject section */
		28CABB7B16A324B300C31911 /* Project object */ = {
			isa = PBXProject;
			attributes = {
				CLASSPREFIX = com.appdy.smart2go;
				LastUpgradeCheck = 0450;
				ORGANIZATIONNAME = "Hasan Gürcan";
			};
			buildConfigurationList = 28CABB7E16A324B300C31911 /* Build configuration list for PBXProject "Smart2Go" */;
			compatibilityVersion = "Xcode 3.2";
			developmentRegion = English;
			hasScannedForEncodings = 0;
			knownRegions = (
				en,
				de,
			);
			mainGroup = 28CABB7916A324B300C31911;
			productRefGroup = 28CABB8516A324B400C31911 /* Products */;
			projectDirPath = "";
			projectRoot = "";
			targets = (
				28CABB8316A324B400C31911 /* Smart2Go */,
				28CABBAD16A324B400C31911 /* Smart2GoTests */,
			);
		};
/* End PBXProject section */

/* Begin PBXResourcesBuildPhase section */
		28CABB8216A324B400C31911 /* Resources */ = {
			isa = PBXResourcesBuildPhase;
			buildActionMask = 2147483647;
			files = (
				2847CD0D1791C3BA00E68B83 /* CostDBModel.xcdatamodeld in Resources */,
				28CABB9316A324B400C31911 /* InfoPlist.strings in Resources */,
				28CABBA216A324B400C31911 /* MainStoryboard_iPhone.storyboard in Resources */,
				28CABBA516A324B400C31911 /* MainStoryboard_iPad.storyboard in Resources */,
				28CABBE216A5D8CE00C31911 /* c2g_logo.jpeg in Resources */,
				28EBC7CA16E3DC6B0039BB8B /* cellBg@2x.png in Resources */,
				28EBC7CB16E3DC6B0039BB8B /* cellBgSelected@2x.png in Resources */,
				28EBC86616E40CAC0039BB8B /* menuIcon.png in Resources */,
				28EBC86716E40CAC0039BB8B /* menuIcon@2x.png in Resources */,
				28040DE616EA08DF009C826C /* dn_logo.jpeg in Resources */,
				28040DF216EA484A009C826C /* home@2x.png in Resources */,
				28040DF316EA484A009C826C /* home.png in Resources */,
				283F3D7C172463F3007D617F /* c2g.png in Resources */,
				285AB2E4177CF0FE007D9C97 /* calcnow_btn.png in Resources */,
				283F3D7D172463F3007D617F /* c2gFlag.png in Resources */,
				283F3D7E172463F3007D617F /* dn.png in Resources */,
				283F3D81172463F3007D617F /* infoBtn.png in Resources */,
				283F3D82172463F3007D617F /* mc.png in Resources */,
				283F3D84172463F3007D617F /* tabbar_send.png in Resources */,
				283F3D8617246509007D617F /* impressum.png in Resources */,
				284EAC9717318137000DFFBE /* 73-radar.png in Resources */,
				284EAC9A173182B6000DFFBE /* globe.png in Resources */,
				284EAC9B173182B6000DFFBE /* globe@2x.png in Resources */,
				284EAC9E17318305000DFFBE /* cog_02.png in Resources */,
				284EAC9F17318305000DFFBE /* cog_02@2x.png in Resources */,
				2880B9A3173C245300BA4618 /* dnFlag.png in Resources */,
				2880B9A9173FAAE400BA4618 /* background_home.jpg in Resources */,
				2880B9B6173FBFC500BA4618 /* Localizable.strings in Resources */,
				28F286551744231B0043C807 /* mcFlag.png in Resources */,
				28C7046F174430520041599B /* Icon-72.png in Resources */,
				28C70470174430520041599B /* Icon-72@2x.png in Resources */,
				28C70471174430520041599B /* Icon-Small-50.png in Resources */,
				28C70472174430520041599B /* Icon-Small-50@2x.png in Resources */,
				28C70473174430520041599B /* Icon-Small.png in Resources */,
				28C70474174430520041599B /* Icon-Small@2x.png in Resources */,
				28C70475174430520041599B /* Icon.png in Resources */,
				28C70476174430520041599B /* Icon@2x.png in Resources */,
				28C70477174430520041599B /* iTunesArtwork.png in Resources */,
				28C70478174430520041599B /* iTunesArtwork@2x.png in Resources */,
				28C7047C174430960041599B /* Default-568h@2x.png in Resources */,
				28C7047D174430960041599B /* Default.png in Resources */,
				28C7047E174430960041599B /* Default@2x.png in Resources */,
				28C70481174430C30041599B /* info.png in Resources */,
				28C70482174430C30041599B /* scriptTxt_H4C.png in Resources */,
				28C704871744382B0041599B /* hopenowBtn.png in Resources */,
				28C7048917443AB60041599B /* navigationBarLogo.png in Resources */,
				28C84E6517771B8E00B7F49A /* calculator@2x.png in Resources */,
				28C84E6717771BAE00B7F49A /* calculator.png in Resources */,
			);
			runOnlyForDeploymentPostprocessing = 0;
		};
		28CABBAB16A324B400C31911 /* Resources */ = {
			isa = PBXResourcesBuildPhase;
			buildActionMask = 2147483647;
			files = (
				28CABBBA16A324B400C31911 /* InfoPlist.strings in Resources */,
			);
			runOnlyForDeploymentPostprocessing = 0;
		};
/* End PBXResourcesBuildPhase section */

/* Begin PBXShellScriptBuildPhase section */
		28CABBAC16A324B400C31911 /* ShellScript */ = {
			isa = PBXShellScriptBuildPhase;
			buildActionMask = 2147483647;
			files = (
			);
			inputPaths = (
			);
			outputPaths = (
			);
			runOnlyForDeploymentPostprocessing = 0;
			shellPath = /bin/sh;
			shellScript = "# Run the unit tests in this test bundle.\n\"${SYSTEM_DEVELOPER_DIR}/Tools/RunUnitTests\"\n";
		};
/* End PBXShellScriptBuildPhase section */

/* Begin PBXSourcesBuildPhase section */
		28CABB8016A324B400C31911 /* Sources */ = {
			isa = PBXSourcesBuildPhase;
			buildActionMask = 2147483647;
			files = (
				285132F916EF949B00CAC937 /* RNBlurModalView.m in Sources */,
				285132F616EF946400CAC937 /* RNBlurModalView.h in Sources */,
				28EBC86116E401720039BB8B /* com_appdy_smart2goViewController.h in Sources */,
				28EBC86216E401720039BB8B /* SettingsVCViewController.h in Sources */,
				28EBC86316E401720039BB8B /* com_appdy_smart2goAppDelegate.h in Sources */,
				2880128116ADEDCF00DDA87F /* SMXMLDocument.m in Sources */,
				28CABB9516A324B400C31911 /* main.m in Sources */,
				28CABB9916A324B400C31911 /* com_appdy_smart2goAppDelegate.m in Sources */,
				28CABBA816A324B400C31911 /* com_appdy_smart2goViewController.m in Sources */,
				28CABBDE16A5D29700C31911 /* CarLocation.m in Sources */,
				2880127616ADE77E00DDA87F /* WSClient.m in Sources */,
				2880128C16AF187200DDA87F /* FreeCar.m in Sources */,
				2880129116AF266400DDA87F /* JSONKit.m in Sources */,
				2880129A16B0A25400DDA87F /* MBProgressHUD.m in Sources */,
				28C935B316D9569100D4DC9B /* SettingsVCViewController.m in Sources */,
				28040DED16EA4136009C826C /* CredentialsDNVC.m in Sources */,
				2812260A16F8CBFC0012ECFB /* CredentialsC2GVC.m in Sources */,
				283F3D8E1724695D007D617F /* Hope4CarViewController.m in Sources */,
				28C70485174434BD0041599B /* CustomNavigationBar.m in Sources */,
				28C84E6B17771C0F00B7F49A /* CostViewController.m in Sources */,
				2834D3DA1791B18D003C2ED4 /* CostOverviewController.m in Sources */,
			);
			runOnlyForDeploymentPostprocessing = 0;
		};
		28CABBA916A324B400C31911 /* Sources */ = {
			isa = PBXSourcesBuildPhase;
			buildActionMask = 2147483647;
			files = (
				28CABBBD16A324B400C31911 /* Smart2GoTests.m in Sources */,
				2880128016ADEDB500DDA87F /* SMXMLDocument.m in Sources */,
				2880129216AF266400DDA87F /* JSONKit.m in Sources */,
				2880129B16B0A25400DDA87F /* MBProgressHUD.m in Sources */,
				285132F416EF941100CAC937 /* RNBlurModalView.m in Sources */,
			);
			runOnlyForDeploymentPostprocessing = 0;
		};
/* End PBXSourcesBuildPhase section */

/* Begin PBXTargetDependency section */
		28CABBB416A324B400C31911 /* PBXTargetDependency */ = {
			isa = PBXTargetDependency;
			target = 28CABB8316A324B400C31911 /* Smart2Go */;
			targetProxy = 28CABBB316A324B400C31911 /* PBXContainerItemProxy */;
		};
/* End PBXTargetDependency section */

/* Begin PBXVariantGroup section */
		2880B9B4173FBFC500BA4618 /* Localizable.strings */ = {
			isa = PBXVariantGroup;
			children = (
				2880B9B5173FBFC500BA4618 /* de */,
				2880B9B7173FBFD100BA4618 /* en */,
			);
			name = Localizable.strings;
			sourceTree = "<group>";
		};
		28CABB9116A324B400C31911 /* InfoPlist.strings */ = {
			isa = PBXVariantGroup;
			children = (
				28CABB9216A324B400C31911 /* en */,
				2880B9AC173FB82000BA4618 /* de */,
			);
			name = InfoPlist.strings;
			sourceTree = "<group>";
		};
		28CABBA016A324B400C31911 /* MainStoryboard_iPhone.storyboard */ = {
			isa = PBXVariantGroup;
			children = (
				28CABBA116A324B400C31911 /* en */,
				2880B9AA173FB82000BA4618 /* de */,
			);
			name = MainStoryboard_iPhone.storyboard;
			sourceTree = "<group>";
		};
		28CABBA316A324B400C31911 /* MainStoryboard_iPad.storyboard */ = {
			isa = PBXVariantGroup;
			children = (
				28CABBA416A324B400C31911 /* en */,
				2880B9AB173FB82000BA4618 /* de */,
			);
			name = MainStoryboard_iPad.storyboard;
			sourceTree = "<group>";
		};
		28CABBB816A324B400C31911 /* InfoPlist.strings */ = {
			isa = PBXVariantGroup;
			children = (
				28CABBB916A324B400C31911 /* en */,
				2880B9AD173FB82000BA4618 /* de */,
			);
			name = InfoPlist.strings;
			sourceTree = "<group>";
		};
/* End PBXVariantGroup section */

/* Begin XCBuildConfiguration section */
		28CABBBE16A324B400C31911 /* Debug */ = {
			isa = XCBuildConfiguration;
			buildSettings = {
				ALWAYS_SEARCH_USER_PATHS = NO;
				CLANG_CXX_LANGUAGE_STANDARD = "gnu++0x";
				CLANG_CXX_LIBRARY = "libc++";
				CLANG_ENABLE_OBJC_ARC = YES;
				CLANG_WARN_EMPTY_BODY = YES;
				CLANG_WARN__DUPLICATE_METHOD_MATCH = YES;
				"CODE_SIGN_IDENTITY[sdk=iphoneos*]" = "iPhone Developer";
				COPY_PHASE_STRIP = NO;
				GCC_C_LANGUAGE_STANDARD = gnu99;
				GCC_DYNAMIC_NO_PIC = NO;
				GCC_OPTIMIZATION_LEVEL = 0;
				GCC_PREPROCESSOR_DEFINITIONS = (
					"DEBUG=1",
					"$(inherited)",
				);
				GCC_SYMBOLS_PRIVATE_EXTERN = NO;
				GCC_WARN_ABOUT_RETURN_TYPE = YES;
				GCC_WARN_UNINITIALIZED_AUTOS = YES;
				GCC_WARN_UNUSED_VARIABLE = YES;
				IPHONEOS_DEPLOYMENT_TARGET = 6.0;
				ONLY_ACTIVE_ARCH = YES;
				PRODUCT_NAME = Hope4Car;
				SDKROOT = iphoneos;
				TARGETED_DEVICE_FAMILY = "1,2";
			};
			name = Debug;
		};
		28CABBBF16A324B400C31911 /* Release */ = {
			isa = XCBuildConfiguration;
			buildSettings = {
				ALWAYS_SEARCH_USER_PATHS = NO;
				CLANG_CXX_LANGUAGE_STANDARD = "gnu++0x";
				CLANG_CXX_LIBRARY = "libc++";
				CLANG_ENABLE_OBJC_ARC = YES;
				CLANG_WARN_EMPTY_BODY = YES;
				CLANG_WARN__DUPLICATE_METHOD_MATCH = YES;
				"CODE_SIGN_IDENTITY[sdk=iphoneos*]" = "iPhone Developer";
				COPY_PHASE_STRIP = YES;
				GCC_C_LANGUAGE_STANDARD = gnu99;
				GCC_WARN_ABOUT_RETURN_TYPE = YES;
				GCC_WARN_UNINITIALIZED_AUTOS = YES;
				GCC_WARN_UNUSED_VARIABLE = YES;
				IPHONEOS_DEPLOYMENT_TARGET = 6.0;
				OTHER_CFLAGS = "-DNS_BLOCK_ASSERTIONS=1";
				PRODUCT_NAME = Hope4Car;
				SDKROOT = iphoneos;
				TARGETED_DEVICE_FAMILY = "1,2";
				VALIDATE_PRODUCT = YES;
			};
			name = Release;
		};
		28CABBC116A324B400C31911 /* Debug */ = {
			isa = XCBuildConfiguration;
			buildSettings = {
				CODE_SIGN_IDENTITY = "iPhone Developer";
				GCC_PRECOMPILE_PREFIX_HEADER = YES;
				GCC_PREFIX_HEADER = "Smart2Go/Smart2Go-Prefix.pch";
				INFOPLIST_FILE = "Smart2Go/Smart2Go-Info.plist";
				IPHONEOS_DEPLOYMENT_TARGET = 6.0;
				LIBRARY_SEARCH_PATHS = (
					"$(inherited)",
					"\"$(SRCROOT)\"",
				);
				PRODUCT_NAME = Hope4Car;
				TARGETED_DEVICE_FAMILY = 1;
				WRAPPER_EXTENSION = app;
			};
			name = Debug;
		};
		28CABBC216A324B400C31911 /* Release */ = {
			isa = XCBuildConfiguration;
			buildSettings = {
				CODE_SIGN_IDENTITY = "iPhone Developer";
				GCC_PRECOMPILE_PREFIX_HEADER = YES;
				GCC_PREFIX_HEADER = "Smart2Go/Smart2Go-Prefix.pch";
				INFOPLIST_FILE = "Smart2Go/Smart2Go-Info.plist";
				IPHONEOS_DEPLOYMENT_TARGET = 6.0;
				LIBRARY_SEARCH_PATHS = (
					"$(inherited)",
					"\"$(SRCROOT)\"",
				);
				PRODUCT_NAME = Hope4Car;
				TARGETED_DEVICE_FAMILY = 1;
				WRAPPER_EXTENSION = app;
			};
			name = Release;
		};
		28CABBC416A324B400C31911 /* Debug */ = {
			isa = XCBuildConfiguration;
			buildSettings = {
				BUNDLE_LOADER = "$(BUILT_PRODUCTS_DIR)/Smart2Go.app/Smart2Go";
				FRAMEWORK_SEARCH_PATHS = (
					"\"$(SDKROOT)/Developer/Library/Frameworks\"",
					"\"$(DEVELOPER_LIBRARY_DIR)/Frameworks\"",
				);
				GCC_PRECOMPILE_PREFIX_HEADER = YES;
				GCC_PREFIX_HEADER = "Smart2Go/Smart2Go-Prefix.pch";
				INFOPLIST_FILE = "Smart2GoTests/Smart2GoTests-Info.plist";
				LIBRARY_SEARCH_PATHS = (
					"$(inherited)",
					"\"$(SRCROOT)\"",
				);
				PRODUCT_NAME = "$(TARGET_NAME)";
				TEST_HOST = "$(BUNDLE_LOADER)";
				WRAPPER_EXTENSION = octest;
			};
			name = Debug;
		};
		28CABBC516A324B400C31911 /* Release */ = {
			isa = XCBuildConfiguration;
			buildSettings = {
				BUNDLE_LOADER = "$(BUILT_PRODUCTS_DIR)/Smart2Go.app/Smart2Go";
				FRAMEWORK_SEARCH_PATHS = (
					"\"$(SDKROOT)/Developer/Library/Frameworks\"",
					"\"$(DEVELOPER_LIBRARY_DIR)/Frameworks\"",
				);
				GCC_PRECOMPILE_PREFIX_HEADER = YES;
				GCC_PREFIX_HEADER = "Smart2Go/Smart2Go-Prefix.pch";
				INFOPLIST_FILE = "Smart2GoTests/Smart2GoTests-Info.plist";
				LIBRARY_SEARCH_PATHS = (
					"$(inherited)",
					"\"$(SRCROOT)\"",
				);
				PRODUCT_NAME = "$(TARGET_NAME)";
				TEST_HOST = "$(BUNDLE_LOADER)";
				WRAPPER_EXTENSION = octest;
			};
			name = Release;
		};
/* End XCBuildConfiguration section */

/* Begin XCConfigurationList section */
		28CABB7E16A324B300C31911 /* Build configuration list for PBXProject "Smart2Go" */ = {
			isa = XCConfigurationList;
			buildConfigurations = (
				28CABBBE16A324B400C31911 /* Debug */,
				28CABBBF16A324B400C31911 /* Release */,
			);
			defaultConfigurationIsVisible = 0;
			defaultConfigurationName = Release;
		};
		28CABBC016A324B400C31911 /* Build configuration list for PBXNativeTarget "Smart2Go" */ = {
			isa = XCConfigurationList;
			buildConfigurations = (
				28CABBC116A324B400C31911 /* Debug */,
				28CABBC216A324B400C31911 /* Release */,
			);
			defaultConfigurationIsVisible = 0;
			defaultConfigurationName = Release;
		};
		28CABBC316A324B400C31911 /* Build configuration list for PBXNativeTarget "Smart2GoTests" */ = {
			isa = XCConfigurationList;
			buildConfigurations = (
				28CABBC416A324B400C31911 /* Debug */,
				28CABBC516A324B400C31911 /* Release */,
			);
			defaultConfigurationIsVisible = 0;
			defaultConfigurationName = Release;
		};
/* End XCConfigurationList section */

/* Begin XCVersionGroup section */
		28CA252F1791BAE5008C7D7F /* CostDBModel.xcdatamodeld */ = {
			isa = XCVersionGroup;
			children = (
				28CA25301791BAE5008C7D7F /* CostDBModel.xcdatamodel */,
			);
			currentVersion = 28CA25301791BAE5008C7D7F /* CostDBModel.xcdatamodel */;
			name = CostDBModel.xcdatamodeld;
			path = ../CostDBModel.xcdatamodeld;
			sourceTree = "<group>";
			versionGroupType = wrapper.xcdatamodel;
		};
/* End XCVersionGroup section */
	};
	rootObject = 28CABB7B16A324B300C31911 /* Project object */;
}
